
Microsoft Visual Studio Solution File, Format Version 11.00
# Visual Studio 2010
Project("{FAE04EC0-301F-11D3-BF4B-00C04F79EFBC}") = "Specflow", "Specflow\Specflow.csproj", "{CD1E9E8D-0531-442F-AC22-CDF8A99E67B0}"
EndProject
Project("{FAE04EC0-301F-11D3-BF4B-00C04F79EFBC}") = "Specflow.Tests", "Specflow.Tests\Specflow.Tests.csproj", "{9344FFFD-D773-4D0A-9F4A-03069FB0E760}"
EndProject
Project("{2150E333-8FDC-42A3-9474-1A3956D46DE8}") = ".nuget", ".nuget", "{64150120-4E28-4F37-BC4D-379E25C4C95E}"
	ProjectSection(SolutionItems) = preProject
		.nuget\NuGet.Config = .nuget\NuGet.Config
		.nuget\NuGet.exe = .nuget\NuGet.exe
		.nuget\NuGet.targets = .nuget\NuGet.targets
	EndProjectSection
EndProject
Project("{FAE04EC0-301F-11D3-BF4B-00C04F79EFBC}") = "Chinchilla", "Chinchilla\Chinchilla.csproj", "{ACFA195A-8D52-490F-9A59-36A2A54E106B}"
EndProject
Project("{2150E333-8FDC-42A3-9474-1A3956D46DE8}") = "Solution Items", "Solution Items", "{1FB61B34-280C-4EC5-9A27-563B0F64CD59}"
	ProjectSection(SolutionItems) = preProject
		Local.testsettings = Local.testsettings
		Specflow.vsmdi = Specflow.vsmdi
		TraceAndTestImpact.testsettings = TraceAndTestImpact.testsettings
	EndProjectSection
EndProject
Global
	GlobalSection(TestCaseManagementSettings) = postSolution
		CategoryFile = Specflow.vsmdi
	EndGlobalSection
	GlobalSection(SolutionConfigurationPlatforms) = preSolution
		Debug|Any CPU = Debug|Any CPU
		Release|Any CPU = Release|Any CPU
	EndGlobalSection
	GlobalSection(ProjectConfigurationPlatforms) = postSolution
		{CD1E9E8D-0531-442F-AC22-CDF8A99E67B0}.Debug|Any CPU.ActiveCfg = Debug|Any CPU
		{CD1E9E8D-0531-442F-AC22-CDF8A99E67B0}.Debug|Any CPU.Build.0 = Debug|Any CPU
		{CD1E9E8D-0531-442F-AC22-CDF8A99E67B0}.Release|Any CPU.ActiveCfg = Release|Any CPU
		{CD1E9E8D-0531-442F-AC22-CDF8A99E67B0}.Release|Any CPU.Build.0 = Release|Any CPU
		{9344FFFD-D773-4D0A-9F4A-03069FB0E760}.Debug|Any CPU.ActiveCfg = Debug|Any CPU
		{9344FFFD-D773-4D0A-9F4A-03069FB0E760}.Debug|Any CPU.Build.0 = Debug|Any CPU
		{9344FFFD-D773-4D0A-9F4A-03069FB0E760}.Release|Any CPU.ActiveCfg = Release|Any CPU
		{9344FFFD-D773-4D0A-9F4A-03069FB0E760}.Release|Any CPU.Build.0 = Release|Any CPU
		{ACFA195A-8D52-490F-9A59-36A2A54E106B}.Debug|Any CPU.ActiveCfg = Debug|Any CPU
		{ACFA195A-8D52-490F-9A59-36A2A54E106B}.Debug|Any CPU.Build.0 = Debug|Any CPU
		{ACFA195A-8D52-490F-9A59-36A2A54E106B}.Release|Any CPU.ActiveCfg = Release|Any CPU
		{ACFA195A-8D52-490F-9A59-36A2A54E106B}.Release|Any CPU.Build.0 = Release|Any CPU
	EndGlobalSection
	GlobalSection(SolutionProperties) = preSolution
		HideSolutionNode = FALSE
	EndGlobalSection
EndGlobal
